
Microsoft Visual Studio Solution File, Format Version 12.00
# Visual Studio Version 17
VisualStudioVersion = 17.14.36930.0 d17.14
MinimumVisualStudioVersion = 10.0.40219.1
Project("{FAE04EC0-301F-11D3-BF4B-00C04F79EFBC}") = "App_WebForm", "App_WebForm\App_WebForm.csproj", "{AAB9A64C-FCAD-42B7-882E-107D0D1B2D77}"
EndProject
Project("{FAE04EC0-301F-11D3-BF4B-00C04F79EFBC}") = "App_WebForm.Classe", "App_WebForm.Classe\App_WebForm.Classe.csproj", "{1C56AA55-D3C8-4F51-938D-6F2B3A098B0B}"
EndProject
Global
	GlobalSection(SolutionConfigurationPlatforms) = preSolution
		Debug|Any CPU = Debug|Any CPU
		Release|Any CPU = Release|Any CPU
	EndGlobalSection
	GlobalSection(ProjectConfigurationPlatforms) = postSolution
		{AAB9A64C-FCAD-42B7-882E-107D0D1B2D77}.Debug|Any CPU.ActiveCfg = Debug|Any CPU
		{AAB9A64C-FCAD-42B7-882E-107D0D1B2D77}.Debug|Any CPU.Build.0 = Debug|Any CPU
		{AAB9A64C-FCAD-42B7-882E-107D0D1B2D77}.Release|Any CPU.ActiveCfg = Release|Any CPU
		{AAB9A64C-FCAD-42B7-882E-107D0D1B2D77}.Release|Any CPU.Build.0 = Release|Any CPU
		{1C56AA55-D3C8-4F51-938D-6F2B3A098B0B}.Debug|Any CPU.ActiveCfg = Debug|Any CPU
		{1C56AA55-D3C8-4F51-938D-6F2B3A098B0B}.Debug|Any CPU.Build.0 = Debug|Any CPU
		{1C56AA55-D3C8-4F51-938D-6F2B3A098B0B}.Release|Any CPU.ActiveCfg = Release|Any CPU
		{1C56AA55-D3C8-4F51-938D-6F2B3A098B0B}.Release|Any CPU.Build.0 = Release|Any CPU
	EndGlobalSection
	GlobalSection(SolutionProperties) = preSolution
		HideSolutionNode = FALSE
	EndGlobalSection
	GlobalSection(ExtensibilityGlobals) = postSolution
		SolutionGuid = {A0762F20-DE58-404F-B19C-D47BF1D8A3A2}
	EndGlobalSection
EndGlobal
